// !$*UTF8*$!
{
	archiveVersion = 1;
	classes = {
	};
	objectVersion = 46;
	objects = {

/* Begin PBXBuildFile section */
		A812AD201F0BD53000A47537 /* Extensions.swift in Sources */ = {isa = PBXBuildFile; fileRef = A812AD1F1F0BD53000A47537 /* Extensions.swift */; };
		A812AD231F0BD57200A47537 /* VideoCell.swift in Sources */ = {isa = PBXBuildFile; fileRef = A812AD221F0BD57200A47537 /* VideoCell.swift */; };
		A871C8251F0C8FF400F3D47D /* MenuBar.swift in Sources */ = {isa = PBXBuildFile; fileRef = A871C8241F0C8FF400F3D47D /* MenuBar.swift */; };
		A871C8271F0CB1FD00F3D47D /* images.xcassets in Resources */ = {isa = PBXBuildFile; fileRef = A871C8261F0CB1FD00F3D47D /* images.xcassets */; };
		A871C82A1F0CC1C800F3D47D /* Video.swift in Sources */ = {isa = PBXBuildFile; fileRef = A871C8291F0CC1C800F3D47D /* Video.swift */; };
		A87BE6561F0E6CB3001E5378 /* SettingCell.swift in Sources */ = {isa = PBXBuildFile; fileRef = A87BE6551F0E6CB3001E5378 /* SettingCell.swift */; };
		A8C2C2181F0B27DC007F406C /* AppDelegate.swift in Sources */ = {isa = PBXBuildFile; fileRef = A8C2C2171F0B27DC007F406C /* AppDelegate.swift */; };
		A8C2C21A1F0B27DD007F406C /* HomeController.swift in Sources */ = {isa = PBXBuildFile; fileRef = A8C2C2191F0B27DD007F406C /* HomeController.swift */; };
		A8C2C21D1F0B27DD007F406C /* Main.storyboard in Resources */ = {isa = PBXBuildFile; fileRef = A8C2C21B1F0B27DD007F406C /* Main.storyboard */; };
		A8C2C2221F0B27DD007F406C /* LaunchScreen.storyboard in Resources */ = {isa = PBXBuildFile; fileRef = A8C2C2201F0B27DD007F406C /* LaunchScreen.storyboard */; };
		A8DD39EC1F0E16F500C453EA /* SettingsLauncher.swift in Sources */ = {isa = PBXBuildFile; fileRef = A8DD39EB1F0E16F500C453EA /* SettingsLauncher.swift */; };
/* End PBXBuildFile section */

/* Begin PBXFileReference section */
		A812AD1F1F0BD53000A47537 /* Extensions.swift */ = {isa = PBXFileReference; fileEncoding = 4; lastKnownFileType = sourcecode.swift; path = Extensions.swift; sourceTree = "<group>"; };
		A812AD221F0BD57200A47537 /* VideoCell.swift */ = {isa = PBXFileReference; fileEncoding = 4; lastKnownFileType = sourcecode.swift; path = VideoCell.swift; sourceTree = "<group>"; };
		A871C8241F0C8FF400F3D47D /* MenuBar.swift */ = {isa = PBXFileReference; fileEncoding = 4; lastKnownFileType = sourcecode.swift; path = MenuBar.swift; sourceTree = "<group>"; };
		A871C8261F0CB1FD00F3D47D /* images.xcassets */ = {isa = PBXFileReference; lastKnownFileType = folder.assetcatalog; path = images.xcassets; sourceTree = "<group>"; };
		A871C8291F0CC1C800F3D47D /* Video.swift */ = {isa = PBXFileReference; fileEncoding = 4; lastKnownFileType = sourcecode.swift; path = Video.swift; sourceTree = "<group>"; };
		A87BE6551F0E6CB3001E5378 /* SettingCell.swift */ = {isa = PBXFileReference; fileEncoding = 4; lastKnownFileType = sourcecode.swift; path = SettingCell.swift; sourceTree = "<group>"; };
		A8C2C2141F0B27DC007F406C /* MakeAYoutube.app */ = {isa = PBXFileReference; explicitFileType = wrapper.application; includeInIndex = 0; path = MakeAYoutube.app; sourceTree = BUILT_PRODUCTS_DIR; };
		A8C2C2171F0B27DC007F406C /* AppDelegate.swift */ = {isa = PBXFileReference; lastKnownFileType = sourcecode.swift; path = AppDelegate.swift; sourceTree = "<group>"; };
		A8C2C2191F0B27DD007F406C /* HomeController.swift */ = {isa = PBXFileReference; lastKnownFileType = sourcecode.swift; path = HomeController.swift; sourceTree = "<group>"; };
		A8C2C21C1F0B27DD007F406C /* Base */ = {isa = PBXFileReference; lastKnownFileType = file.storyboard; name = Base; path = Base.lproj/Main.storyboard; sourceTree = "<group>"; };
		A8C2C2211F0B27DD007F406C /* Base */ = {isa = PBXFileReference; lastKnownFileType = file.storyboard; name = Base; path = Base.lproj/LaunchScreen.storyboard; sourceTree = "<group>"; };
		A8C2C2231F0B27DD007F406C /* Info.plist */ = {isa = PBXFileReference; lastKnownFileType = text.plist.xml; path = Info.plist; sourceTree = "<group>"; };
		A8DD39EB1F0E16F500C453EA /* SettingsLauncher.swift */ = {isa = PBXFileReference; fileEncoding = 4; lastKnownFileType = sourcecode.swift; path = SettingsLauncher.swift; sourceTree = "<group>"; };
/* End PBXFileReference section */

/* Begin PBXFrameworksBuildPhase section */
		A8C2C2111F0B27DC007F406C /* Frameworks */ = {
			isa = PBXFrameworksBuildPhase;
			buildActionMask = 2147483647;
			files = (
			);
			runOnlyForDeploymentPostprocessing = 0;
		};
/* End PBXFrameworksBuildPhase section */

/* Begin PBXGroup section */
		A812AD1E1F0BD50E00A47537 /* Helpers */ = {
			isa = PBXGroup;
			children = (
				A812AD1F1F0BD53000A47537 /* Extensions.swift */,
				A8C2C2171F0B27DC007F406C /* AppDelegate.swift */,
			);
			name = Helpers;
			sourceTree = "<group>";
		};
		A812AD211F0BD55500A47537 /* Views */ = {
			isa = PBXGroup;
			children = (
				A871C8241F0C8FF400F3D47D /* MenuBar.swift */,
				A812AD221F0BD57200A47537 /* VideoCell.swift */,
				A87BE6551F0E6CB3001E5378 /* SettingCell.swift */,
			);
			name = Views;
			sourceTree = "<group>";
		};
		A812AD241F0BD58800A47537 /* Controllers */ = {
			isa = PBXGroup;
			children = (
				A8C2C2191F0B27DD007F406C /* HomeController.swift */,
				A8DD39EB1F0E16F500C453EA /* SettingsLauncher.swift */,
			);
			name = Controllers;
			sourceTree = "<group>";
		};
		A871C8281F0CC1A500F3D47D /* Model */ = {
			isa = PBXGroup;
			children = (
				A871C8291F0CC1C800F3D47D /* Video.swift */,
			);
			name = Model;
			sourceTree = "<group>";
		};
		A8C2C20B1F0B27DC007F406C = {
			isa = PBXGroup;
			children = (
				A8C2C2161F0B27DC007F406C /* MakeAYoutube */,
				A8C2C2151F0B27DC007F406C /* Products */,
			);
			sourceTree = "<group>";
		};
		A8C2C2151F0B27DC007F406C /* Products */ = {
			isa = PBXGroup;
			children = (
				A8C2C2141F0B27DC007F406C /* MakeAYoutube.app */,
			);
			name = Products;
			sourceTree = "<group>";
		};
		A8C2C2161F0B27DC007F406C /* MakeAYoutube */ = {
			isa = PBXGroup;
			children = (
				A871C8281F0CC1A500F3D47D /* Model */,
				A812AD211F0BD55500A47537 /* Views */,
				A812AD241F0BD58800A47537 /* Controllers */,
				A812AD1E1F0BD50E00A47537 /* Helpers */,
				A8C2C21B1F0B27DD007F406C /* Main.storyboard */,
				A871C8261F0CB1FD00F3D47D /* images.xcassets */,
				A8C2C2201F0B27DD007F406C /* LaunchScreen.storyboard */,
				A8C2C2231F0B27DD007F406C /* Info.plist */,
			);
			path = MakeAYoutube;
			sourceTree = "<group>";
		};
/* End PBXGroup section */

/* Begin PBXNativeTarget section */
		A8C2C2131F0B27DC007F406C /* MakeAYoutube */ = {
			isa = PBXNativeTarget;
			buildConfigurationList = A8C2C2261F0B27DD007F406C /* Build configuration list for PBXNativeTarget "MakeAYoutube" */;
			buildPhases = (
				A8C2C2101F0B27DC007F406C /* Sources */,
				A8C2C2111F0B27DC007F406C /* Frameworks */,
				A8C2C2121F0B27DC007F406C /* Resources */,
			);
			buildRules = (
			);
			dependencies = (
			);
			name = MakeAYoutube;
			productName = MakeAYoutube;
			productReference = A8C2C2141F0B27DC007F406C /* MakeAYoutube.app */;
			productType = "com.apple.product-type.application";
		};
/* End PBXNativeTarget section */

/* Begin PBXProject section */
		A8C2C20C1F0B27DC007F406C /* Project object */ = {
			isa = PBXProject;
			attributes = {
				LastSwiftUpdateCheck = 0830;
				LastUpgradeCheck = 0830;
				ORGANIZATIONNAME = "陳 冠禎";
				TargetAttributes = {
					A8C2C2131F0B27DC007F406C = {
						CreatedOnToolsVersion = 8.3.3;
						DevelopmentTeam = Y8SJ5M44N4;
						ProvisioningStyle = Automatic;
					};
				};
			};
			buildConfigurationList = A8C2C20F1F0B27DC007F406C /* Build configuration list for PBXProject "MakeAYoutube" */;
			compatibilityVersion = "Xcode 3.2";
			developmentRegion = English;
			hasScannedForEncodings = 0;
			knownRegions = (
				en,
				Base,
			);
			mainGroup = A8C2C20B1F0B27DC007F406C;
			productRefGroup = A8C2C2151F0B27DC007F406C /* Products */;
			projectDirPath = "";
			projectRoot = "";
			targets = (
				A8C2C2131F0B27DC007F406C /* MakeAYoutube */,
			);
		};
/* End PBXProject section */

/* Begin PBXResourcesBuildPhase section */
		A8C2C2121F0B27DC007F406C /* Resources */ = {
			isa = PBXResourcesBuildPhase;
			buildActionMask = 2147483647;
			files = (
				A871C8271F0CB1FD00F3D47D /* images.xcassets in Resources */,
				A8C2C2221F0B27DD007F406C /* LaunchScreen.storyboard in Resources */,
				A8C2C21D1F0B27DD007F406C /* Main.storyboard in Resources */,
			);
			runOnlyForDeploymentPostprocessing = 0;
		};
/* End PBXResourcesBuildPhase section */

/* Begin PBXSourcesBuildPhase section */
		A8C2C2101F0B27DC007F406C /* Sources */ = {
			isa = PBXSourcesBuildPhase;
			buildActionMask = 2147483647;
			files = (
				A8DD39EC1F0E16F500C453EA /* SettingsLauncher.swift in Sources */,
				A8C2C21A1F0B27DD007F406C /* HomeController.swift in Sources */,
				A87BE6561F0E6CB3001E5378 /* SettingCell.swift in Sources */,
				A871C82A1F0CC1C800F3D47D /* Video.swift in Sources */,
				A812AD231F0BD57200A47537 /* VideoCell.swift in Sources */,
				A812AD201F0BD53000A47537 /* Extensions.swift in Sources */,
				A8C2C2181F0B27DC007F406C /* AppDelegate.swift in Sources */,
				A871C8251F0C8FF400F3D47D /* MenuBar.swift in Sources */,
			);
			runOnlyForDeploymentPostprocessing = 0;
		};
/* End PBXSourcesBuildPhase section */

/* Begin PBXVariantGroup section */
		A8C2C21B1F0B27DD007F406C /* Main.storyboard */ = {
			isa = PBXVariantGroup;
			children = (
				A8C2C21C1F0B27DD007F406C /* Base */,
			);
			name = Main.storyboard;
			sourceTree = "<group>";
		};
		A8C2C2201F0B27DD007F406C /* LaunchScreen.storyboard */ = {
			isa = PBXVariantGroup;
			children = (
				A8C2C2211F0B27DD007F406C /* Base */,
			);
			name = LaunchScreen.storyboard;
			sourceTree = "<group>";
		};
/* End PBXVariantGroup section */

/* Begin XCBuildConfiguration section */
		A8C2C2241F0B27DD007F406C /* Debug */ = {
			isa = XCBuildConfiguration;
			buildSettings = {
				ALWAYS_SEARCH_USER_PATHS = NO;
				CLANG_ANALYZER_NONNULL = YES;
				CLANG_ANALYZER_NUMBER_OBJECT_CONVERSION = YES_AGGRESSIVE;
				CLANG_CXX_LANGUAGE_STANDARD = "gnu++0x";
				CLANG_CXX_LIBRARY = "libc++";
				CLANG_ENABLE_MODULES = YES;
				CLANG_ENABLE_OBJC_ARC = YES;
				CLANG_WARN_BOOL_CONVERSION = YES;
				CLANG_WARN_CONSTANT_CONVERSION = YES;
				CLANG_WARN_DIRECT_OBJC_ISA_USAGE = YES_ERROR;
				CLANG_WARN_DOCUMENTATION_COMMENTS = YES;
				CLANG_WARN_EMPTY_BODY = YES;
				CLANG_WARN_ENUM_CONVERSION = YES;
				CLANG_WARN_INFINITE_RECURSION = YES;
				CLANG_WARN_INT_CONVERSION = YES;
				CLANG_WARN_OBJC_ROOT_CLASS = YES_ERROR;
				CLANG_WARN_SUSPICIOUS_MOVE = YES;
				CLANG_WARN_UNREACHABLE_CODE = YES;
				CLANG_WARN__DUPLICATE_METHOD_MATCH = YES;
				"CODE_SIGN_IDENTITY[sdk=iphoneos*]" = "iPhone Developer";
				COPY_PHASE_STRIP = NO;
				DEBUG_INFORMATION_FORMAT = dwarf;
				ENABLE_STRICT_OBJC_MSGSEND = YES;
				ENABLE_TESTABILITY = YES;
				GCC_C_LANGUAGE_STANDARD = gnu99;
				GCC_DYNAMIC_NO_PIC = NO;
				GCC_NO_COMMON_BLOCKS = YES;
				GCC_OPTIMIZATION_LEVEL = 0;
				GCC_PREPROCESSOR_DEFINITIONS = (
					"DEBUG=1",
					"$(inherited)",
				);
				GCC_WARN_64_TO_32_BIT_CONVERSION = YES;
				GCC_WARN_ABOUT_RETURN_TYPE = YES_ERROR;
				GCC_WARN_UNDECLARED_SELECTOR = YES;
				GCC_WARN_UNINITIALIZED_AUTOS = YES_AGGRESSIVE;
				GCC_WARN_UNUSED_FUNCTION = YES;
				GCC_WARN_UNUSED_VARIABLE = YES;
				IPHONEOS_DEPLOYMENT_TARGET = 10.3;
				MTL_ENABLE_DEBUG_INFO = YES;
				ONLY_ACTIVE_ARCH = YES;
				SDKROOT = iphoneos;
				SWIFT_ACTIVE_COMPILATION_CONDITIONS = DEBUG;
				SWIFT_OPTIMIZATION_LEVEL = "-Onone";
			};
			name = Debug;
		};
		A8C2C2251F0B27DD007F406C /* Release */ = {
			isa = XCBuildConfiguration;
			buildSettings = {
				ALWAYS_SEARCH_USER_PATHS = NO;
				CLANG_ANALYZER_NONNULL = YES;
				CLANG_ANALYZER_NUMBER_OBJECT_CONVERSION = YES_AGGRESSIVE;
				CLANG_CXX_LANGUAGE_STANDARD = "gnu++0x";
				CLANG_CXX_LIBRARY = "libc++";
				CLANG_ENABLE_MODULES = YES;
				CLANG_ENABLE_OBJC_ARC = YES;
				CLANG_WARN_BOOL_CONVERSION = YES;
				CLANG_WARN_CONSTANT_CONVERSION = YES;
				CLANG_WARN_DIRECT_OBJC_ISA_USAGE = YES_ERROR;
				CLANG_WARN_DOCUMENTATION_COMMENTS = YES;
				CLANG_WARN_EMPTY_BODY = YES;
				CLANG_WARN_ENUM_CONVERSION = YES;
				CLANG_WARN_INFINITE_RECURSION = YES;
				CLANG_WARN_INT_CONVERSION = YES;
				CLANG_WARN_OBJC_ROOT_CLASS = YES_ERROR;
				CLANG_WARN_SUSPICIOUS_MOVE = YES;
				CLANG_WARN_UNREACHABLE_CODE = YES;
				CLANG_WARN__DUPLICATE_METHOD_MATCH = YES;
				"CODE_SIGN_IDENTITY[sdk=iphoneos*]" = "iPhone Developer";
				COPY_PHASE_STRIP = NO;
				DEBUG_INFORMATION_FORMAT = "dwarf-with-dsym";
				ENABLE_NS_ASSERTIONS = NO;
				ENABLE_STRICT_OBJC_MSGSEND = YES;
				GCC_C_LANGUAGE_STANDARD = gnu99;
				GCC_NO_COMMON_BLOCKS = YES;
				GCC_WARN_64_TO_32_BIT_CONVERSION = YES;
				GCC_WARN_ABOUT_RETURN_TYPE = YES_ERROR;
				GCC_WARN_UNDECLARED_SELECTOR = YES;
				GCC_WARN_UNINITIALIZED_AUTOS = YES_AGGRESSIVE;
				GCC_WARN_UNUSED_FUNCTION = YES;
				GCC_WARN_UNUSED_VARIABLE = YES;
				IPHONEOS_DEPLOYMENT_TARGET = 10.3;
				MTL_ENABLE_DEBUG_INFO = NO;
				SDKROOT = iphoneos;
				SWIFT_OPTIMIZATION_LEVEL = "-Owholemodule";
				VALIDATE_PRODUCT = YES;
			};
			name = Release;
		};
		A8C2C2271F0B27DD007F406C /* Debug */ = {
			isa = XCBuildConfiguration;
			buildSettings = {
				ASSETCATALOG_COMPILER_APPICON_NAME = AppIcon;
				"CODE_SIGN_IDENTITY[sdk=iphoneos*]" = "iPhone Developer";
				DEVELOPMENT_TEAM = Y8SJ5M44N4;
				INFOPLIST_FILE = MakeAYoutube/Info.plist;
				IPHONEOS_DEPLOYMENT_TARGET = 9.0;
				LD_RUNPATH_SEARCH_PATHS = "$(inherited) @executable_path/Frameworks";
				PRODUCT_BUNDLE_IDENTIFIER = com.MapVision.MakeAYoutube;
				PRODUCT_NAME = "$(TARGET_NAME)";
				PROVISIONING_PROFILE_SPECIFIER = "";
				SWIFT_VERSION = 3.0;
				TARGETED_DEVICE_FAMILY = "1,2";
			};
			name = Debug;
		};
		A8C2C2281F0B27DD007F406C /* Release */ = {
			isa = XCBuildConfiguration;
			buildSettings = {
				ASSETCATALOG_COMPILER_APPICON_NAME = AppIcon;
				"CODE_SIGN_IDENTITY[sdk=iphoneos*]" = "iPhone Developer";
				DEVELOPMENT_TEAM = Y8SJ5M44N4;
				INFOPLIST_FILE = MakeAYoutube/Info.plist;
				IPHONEOS_DEPLOYMENT_TARGET = 9.0;
				LD_RUNPATH_SEARCH_PATHS = "$(inherited) @executable_path/Frameworks";
				PRODUCT_BUNDLE_IDENTIFIER = com.MapVision.MakeAYoutube;
				PRODUCT_NAME = "$(TARGET_NAME)";
				PROVISIONING_PROFILE_SPECIFIER = "";
				SWIFT_VERSION = 3.0;
				TARGETED_DEVICE_FAMILY = "1,2";
			};
			name = Release;
		};
/* End XCBuildConfiguration section */

/* Begin XCConfigurationList section */
		A8C2C20F1F0B27DC007F406C /* Build configuration list for PBXProject "MakeAYoutube" */ = {
			isa = XCConfigurationList;
			buildConfigurations = (
				A8C2C2241F0B27DD007F406C /* Debug */,
				A8C2C2251F0B27DD007F406C /* Release */,
			);
			defaultConfigurationIsVisible = 0;
			defaultConfigurationName = Release;
		};
		A8C2C2261F0B27DD007F406C /* Build configuration list for PBXNativeTarget "MakeAYoutube" */ = {
			isa = XCConfigurationList;
			buildConfigurations = (
				A8C2C2271F0B27DD007F406C /* Debug */,
				A8C2C2281F0B27DD007F406C /* Release */,
			);
			defaultConfigurationIsVisible = 0;
			defaultConfigurationName = Release;
		};
/* End XCConfigurationList section */
	};
	rootObject = A8C2C20C1F0B27DC007F406C /* Project object */;
}
